// !$*UTF8*$!
{
	archiveVersion = 1;
	classes = {
	};
	objectVersion = 46;
	objects = {

/* Begin PBXBuildFile section */
		BF54F8DF1D56E5E500D49FEF /* main.m in Sources */ = {isa = PBXBuildFile; fileRef = BF54F8DE1D56E5E500D49FEF /* main.m */; };
		BF54F8E21D56E5E500D49FEF /* AppDelegate.m in Sources */ = {isa = PBXBuildFile; fileRef = BF54F8E11D56E5E500D49FEF /* AppDelegate.m */; };
		BF54F8E51D56E5E500D49FEF /* ViewController.m in Sources */ = {isa = PBXBuildFile; fileRef = BF54F8E41D56E5E500D49FEF /* ViewController.m */; };
		BF54F8E81D56E5E500D49FEF /* Main.storyboard in Resources */ = {isa = PBXBuildFile; fileRef = BF54F8E61D56E5E500D49FEF /* Main.storyboard */; };
		BF54F8EA1D56E5E500D49FEF /* Assets.xcassets in Resources */ = {isa = PBXBuildFile; fileRef = BF54F8E91D56E5E500D49FEF /* Assets.xcassets */; };
		BF54F8ED1D56E5E500D49FEF /* LaunchScreen.storyboard in Resources */ = {isa = PBXBuildFile; fileRef = BF54F8EB1D56E5E500D49FEF /* LaunchScreen.storyboard */; };
		BF54F8F81D56E5E500D49FEF /* UITableView_3UITests.m in Sources */ = {isa = PBXBuildFile; fileRef = BF54F8F71D56E5E500D49FEF /* UITableView_3UITests.m */; };
		BF54F9061D56E6DD00D49FEF /* goods.m in Sources */ = {isa = PBXBuildFile; fileRef = BF54F9051D56E6DD00D49FEF /* goods.m */; };
		BF54F9101D56F03A00D49FEF /* 001.png in Resources */ = {isa = PBXBuildFile; fileRef = BF54F9071D56F03A00D49FEF /* 001.png */; };
		BF54F9111D56F03A00D49FEF /* 002.png in Resources */ = {isa = PBXBuildFile; fileRef = BF54F9081D56F03A00D49FEF /* 002.png */; };
		BF54F9121D56F03A00D49FEF /* 003.png in Resources */ = {isa = PBXBuildFile; fileRef = BF54F9091D56F03A00D49FEF /* 003.png */; };
		BF54F9131D56F03A00D49FEF /* 004.png in Resources */ = {isa = PBXBuildFile; fileRef = BF54F90A1D56F03A00D49FEF /* 004.png */; };
		BF54F9141D56F03A00D49FEF /* 005.png in Resources */ = {isa = PBXBuildFile; fileRef = BF54F90B1D56F03A00D49FEF /* 005.png */; };
		BF54F9151D56F03A00D49FEF /* 006.png in Resources */ = {isa = PBXBuildFile; fileRef = BF54F90C1D56F03A00D49FEF /* 006.png */; };
		BF54F9161D56F03A00D49FEF /* 007.png in Resources */ = {isa = PBXBuildFile; fileRef = BF54F90D1D56F03A00D49FEF /* 007.png */; };
		BF54F9171D56F03A00D49FEF /* 008.png in Resources */ = {isa = PBXBuildFile; fileRef = BF54F90E1D56F03A00D49FEF /* 008.png */; };
		BF54F9181D56F03A00D49FEF /* 009.png in Resources */ = {isa = PBXBuildFile; fileRef = BF54F90F1D56F03A00D49FEF /* 009.png */; };
/* End PBXBuildFile section */

/* Begin PBXContainerItemProxy section */
		BF54F8F41D56E5E500D49FEF /* PBXContainerItemProxy */ = {
			isa = PBXContainerItemProxy;
			containerPortal = BF54F8D21D56E5E500D49FEF /* Project object */;
			proxyType = 1;
			remoteGlobalIDString = BF54F8D91D56E5E500D49FEF;
			remoteInfo = "UITableView－3";
		};
/* End PBXContainerItemProxy section */

/* Begin PBXFileReference section */
		BF54F8DA1D56E5E500D49FEF /* UITableView－3.app */ = {isa = PBXFileReference; explicitFileType = wrapper.application; includeInIndex = 0; path = "UITableView－3.app"; sourceTree = BUILT_PRODUCTS_DIR; };
		BF54F8DE1D56E5E500D49FEF /* main.m */ = {isa = PBXFileReference; lastKnownFileType = sourcecode.c.objc; path = main.m; sourceTree = "<group>"; };
		BF54F8E01D56E5E500D49FEF /* AppDelegate.h */ = {isa = PBXFileReference; lastKnownFileType = sourcecode.c.h; path = AppDelegate.h; sourceTree = "<group>"; };
		BF54F8E11D56E5E500D49FEF /* AppDelegate.m */ = {isa = PBXFileReference; lastKnownFileType = sourcecode.c.objc; path = AppDelegate.m; sourceTree = "<group>"; };
		BF54F8E31D56E5E500D49FEF /* ViewController.h */ = {isa = PBXFileReference; lastKnownFileType = sourcecode.c.h; path = ViewController.h; sourceTree = "<group>"; };
		BF54F8E41D56E5E500D49FEF /* ViewController.m */ = {isa = PBXFileReference; lastKnownFileType = sourcecode.c.objc; path = ViewController.m; sourceTree = "<group>"; };
		BF54F8E71D56E5E500D49FEF /* Base */ = {isa = PBXFileReference; lastKnownFileType = file.storyboard; name = Base; path = Base.lproj/Main.storyboard; sourceTree = "<group>"; };
		BF54F8E91D56E5E500D49FEF /* Assets.xcassets */ = {isa = PBXFileReference; lastKnownFileType = folder.assetcatalog; path = Assets.xcassets; sourceTree = "<group>"; };
		BF54F8EC1D56E5E500D49FEF /* Base */ = {isa = PBXFileReference; lastKnownFileType = file.storyboard; name = Base; path = Base.lproj/LaunchScreen.storyboard; sourceTree = "<group>"; };
		BF54F8EE1D56E5E500D49FEF /* Info.plist */ = {isa = PBXFileReference; lastKnownFileType = text.plist.xml; path = Info.plist; sourceTree = "<group>"; };
		BF54F8F31D56E5E500D49FEF /* UITableView－3UITests.xctest */ = {isa = PBXFileReference; explicitFileType = wrapper.cfbundle; includeInIndex = 0; path = "UITableView－3UITests.xctest"; sourceTree = BUILT_PRODUCTS_DIR; };
		BF54F8F71D56E5E500D49FEF /* UITableView_3UITests.m */ = {isa = PBXFileReference; lastKnownFileType = sourcecode.c.objc; path = UITableView_3UITests.m; sourceTree = "<group>"; };
		BF54F8F91D56E5E500D49FEF /* Info.plist */ = {isa = PBXFileReference; lastKnownFileType = text.plist.xml; path = Info.plist; sourceTree = "<group>"; };
		BF54F9041D56E6DD00D49FEF /* goods.h */ = {isa = PBXFileReference; fileEncoding = 4; lastKnownFileType = sourcecode.c.h; name = goods.h; path = "UITableView－3/goods.h"; sourceTree = "<group>"; };
		BF54F9051D56E6DD00D49FEF /* goods.m */ = {isa = PBXFileReference; fileEncoding = 4; lastKnownFileType = sourcecode.c.objc; name = goods.m; path = "UITableView－3/goods.m"; sourceTree = "<group>"; };
		BF54F9071D56F03A00D49FEF /* 001.png */ = {isa = PBXFileReference; lastKnownFileType = image.png; name = 001.png; path = "../../../../Downloads/0830_UITableView_1/代码/UITableView-03.商品列表/UITableView-03.商品列表/商品图片/001.png"; sourceTree = "<group>"; };
		BF54F9081D56F03A00D49FEF /* 002.png */ = {isa = PBXFileReference; lastKnownFileType = image.png; name = 002.png; path = "../../../../Downloads/0830_UITableView_1/代码/UITableView-03.商品列表/UITableView-03.商品列表/商品图片/002.png"; sourceTree = "<group>"; };
		BF54F9091D56F03A00D49FEF /* 003.png */ = {isa = PBXFileReference; lastKnownFileType = image.png; name = 003.png; path = "../../../../Downloads/0830_UITableView_1/代码/UITableView-03.商品列表/UITableView-03.商品列表/商品图片/003.png"; sourceTree = "<group>"; };
		BF54F90A1D56F03A00D49FEF /* 004.png */ = {isa = PBXFileReference; lastKnownFileType = image.png; name = 004.png; path = "../../../../Downloads/0830_UITableView_1/代码/UITableView-03.商品列表/UITableView-03.商品列表/商品图片/004.png"; sourceTree = "<group>"; };
		BF54F90B1D56F03A00D49FEF /* 005.png */ = {isa = PBXFileReference; lastKnownFileType = image.png; name = 005.png; path = "../../../../Downloads/0830_UITableView_1/代码/UITableView-03.商品列表/UITableView-03.商品列表/商品图片/005.png"; sourceTree = "<group>"; };
		BF54F90C1D56F03A00D49FEF /* 006.png */ = {isa = PBXFileReference; lastKnownFileType = image.png; name = 006.png; path = "../../../../Downloads/0830_UITableView_1/代码/UITableView-03.商品列表/UITableView-03.商品列表/商品图片/006.png"; sourceTree = "<group>"; };
		BF54F90D1D56F03A00D49FEF /* 007.png */ = {isa = PBXFileReference; lastKnownFileType = image.png; name = 007.png; path = "../../../../Downloads/0830_UITableView_1/代码/UITableView-03.商品列表/UITableView-03.商品列表/商品图片/007.png"; sourceTree = "<group>"; };
		BF54F90E1D56F03A00D49FEF /* 008.png */ = {isa = PBXFileReference; lastKnownFileType = image.png; name = 008.png; path = "../../../../Downloads/0830_UITableView_1/代码/UITableView-03.商品列表/UITableView-03.商品列表/商品图片/008.png"; sourceTree = "<group>"; };
		BF54F90F1D56F03A00D49FEF /* 009.png */ = {isa = PBXFileReference; lastKnownFileType = image.png; name = 009.png; path = "../../../../Downloads/0830_UITableView_1/代码/UITableView-03.商品列表/UITableView-03.商品列表/商品图片/009.png"; sourceTree = "<group>"; };
/* End PBXFileReference section */

/* Begin PBXFrameworksBuildPhase section */
		BF54F8D71D56E5E500D49FEF /* Frameworks */ = {
			isa = PBXFrameworksBuildPhase;
			buildActionMask = 2147483647;
			files = (
			);
			runOnlyForDeploymentPostprocessing = 0;
		};
		BF54F8F01D56E5E500D49FEF /* Frameworks */ = {
			isa = PBXFrameworksBuildPhase;
			buildActionMask = 2147483647;
			files = (
			);
			runOnlyForDeploymentPostprocessing = 0;
		};
/* End PBXFrameworksBuildPhase section */

/* Begin PBXGroup section */
		BF54F8D11D56E5E500D49FEF = {
			isa = PBXGroup;
			children = (
				BF54F9191D572C2800D49FEF /* model */,
				BF54F8DC1D56E5E500D49FEF /* UITableView－3 */,
				BF54F8F61D56E5E500D49FEF /* UITableView－3UITests */,
				BF54F8DB1D56E5E500D49FEF /* Products */,
			);
			sourceTree = "<group>";
		};
		BF54F8DB1D56E5E500D49FEF /* Products */ = {
			isa = PBXGroup;
			children = (
				BF54F8DA1D56E5E500D49FEF /* UITableView－3.app */,
				BF54F8F31D56E5E500D49FEF /* UITableView－3UITests.xctest */,
			);
			name = Products;
			sourceTree = "<group>";
		};
		BF54F8DC1D56E5E500D49FEF /* UITableView－3 */ = {
			isa = PBXGroup;
			children = (
				BF54F8E01D56E5E500D49FEF /* AppDelegate.h */,
				BF54F8E11D56E5E500D49FEF /* AppDelegate.m */,
				BF54F8E31D56E5E500D49FEF /* ViewController.h */,
				BF54F8E41D56E5E500D49FEF /* ViewController.m */,
				BF54F8E61D56E5E500D49FEF /* Main.storyboard */,
				BF54F8E91D56E5E500D49FEF /* Assets.xcassets */,
				BF54F8EB1D56E5E500D49FEF /* LaunchScreen.storyboard */,
				BF54F8EE1D56E5E500D49FEF /* Info.plist */,
				BF54F8DD1D56E5E500D49FEF /* Supporting Files */,
			);
			path = "UITableView－3";
			sourceTree = "<group>";
		};
		BF54F8DD1D56E5E500D49FEF /* Supporting Files */ = {
			isa = PBXGroup;
			children = (
				BF54F9071D56F03A00D49FEF /* 001.png */,
				BF54F9081D56F03A00D49FEF /* 002.png */,
				BF54F9091D56F03A00D49FEF /* 003.png */,
				BF54F90A1D56F03A00D49FEF /* 004.png */,
				BF54F90B1D56F03A00D49FEF /* 005.png */,
				BF54F90C1D56F03A00D49FEF /* 006.png */,
				BF54F90D1D56F03A00D49FEF /* 007.png */,
				BF54F90E1D56F03A00D49FEF /* 008.png */,
				BF54F90F1D56F03A00D49FEF /* 009.png */,
				BF54F8DE1D56E5E500D49FEF /* main.m */,
			);
			name = "Supporting Files";
			sourceTree = "<group>";
		};
		BF54F8F61D56E5E500D49FEF /* UITableView－3UITests */ = {
			isa = PBXGroup;
			children = (
				BF54F8F71D56E5E500D49FEF /* UITableView_3UITests.m */,
				BF54F8F91D56E5E500D49FEF /* Info.plist */,
			);
			path = "UITableView－3UITests";
			sourceTree = "<group>";
		};
		BF54F9191D572C2800D49FEF /* model */ = {
			isa = PBXGroup;
			children = (
				BF54F9041D56E6DD00D49FEF /* goods.h */,
				BF54F9051D56E6DD00D49FEF /* goods.m */,
			);
			name = model;
			sourceTree = "<group>";
		};
/* End PBXGroup section */

/* Begin PBXNativeTarget section */
		BF54F8D91D56E5E500D49FEF /* UITableView－3 */ = {
			isa = PBXNativeTarget;
			buildConfigurationList = BF54F8FC1D56E5E500D49FEF /* Build configuration list for PBXNativeTarget "UITableView－3" */;
			buildPhases = (
				BF54F8D61D56E5E500D49FEF /* Sources */,
				BF54F8D71D56E5E500D49FEF /* Frameworks */,
				BF54F8D81D56E5E500D49FEF /* Resources */,
			);
			buildRules = (
			);
			dependencies = (
			);
			name = "UITableView－3";
			productName = "UITableView－3";
			productReference = BF54F8DA1D56E5E500D49FEF /* UITableView－3.app */;
			productType = "com.apple.product-type.application";
		};
		BF54F8F21D56E5E500D49FEF /* UITableView－3UITests */ = {
			isa = PBXNativeTarget;
			buildConfigurationList = BF54F8FF1D56E5E500D49FEF /* Build configuration list for PBXNativeTarget "UITableView－3UITests" */;
			buildPhases = (
				BF54F8EF1D56E5E500D49FEF /* Sources */,
				BF54F8F01D56E5E500D49FEF /* Frameworks */,
				BF54F8F11D56E5E500D49FEF /* Resources */,
			);
			buildRules = (
			);
			dependencies = (
				BF54F8F51D56E5E500D49FEF /* PBXTargetDependency */,
			);
			name = "UITableView－3UITests";
			productName = "UITableView－3UITests";
			productReference = BF54F8F31D56E5E500D49FEF /* UITableView－3UITests.xctest */;
			productType = "com.apple.product-type.bundle.ui-testing";
		};
/* End PBXNativeTarget section */

/* Begin PBXProject section */
		BF54F8D21D56E5E500D49FEF /* Project object */ = {
			isa = PBXProject;
			attributes = {
				LastUpgradeCheck = 0730;
				ORGANIZATIONNAME = "劳一";
				TargetAttributes = {
					BF54F8D91D56E5E500D49FEF = {
						CreatedOnToolsVersion = 7.3.1;
					};
					BF54F8F21D56E5E500D49FEF = {
						CreatedOnToolsVersion = 7.3.1;
						TestTargetID = BF54F8D91D56E5E500D49FEF;
					};
				};
			};
			buildConfigurationList = BF54F8D51D56E5E500D49FEF /* Build configuration list for PBXProject "UITableView－3" */;
			compatibilityVersion = "Xcode 3.2";
			developmentRegion = English;
			hasScannedForEncodings = 0;
			knownRegions = (
				en,
				Base,
			);
			mainGroup = BF54F8D11D56E5E500D49FEF;
			productRefGroup = BF54F8DB1D56E5E500D49FEF /* Products */;
			projectDirPath = "";
			projectRoot = "";
			targets = (
				BF54F8D91D56E5E500D49FEF /* UITableView－3 */,
				BF54F8F21D56E5E500D49FEF /* UITableView－3UITests */,
			);
		};
/* End PBXProject section */

/* Begin PBXResourcesBuildPhase section */
		BF54F8D81D56E5E500D49FEF /* Resources */ = {
			isa = PBXResourcesBuildPhase;
			buildActionMask = 2147483647;
			files = (
				BF54F9161D56F03A00D49FEF /* 007.png in Resources */,
				BF54F9111D56F03A00D49FEF /* 002.png in Resources */,
				BF54F9121D56F03A00D49FEF /* 003.png in Resources */,
				BF54F9141D56F03A00D49FEF /* 005.png in Resources */,
				BF54F9151D56F03A00D49FEF /* 006.png in Resources */,
				BF54F9171D56F03A00D49FEF /* 008.png in Resources */,
				BF54F8ED1D56E5E500D49FEF /* LaunchScreen.storyboard in Resources */,
				BF54F9181D56F03A00D49FEF /* 009.png in Resources */,
				BF54F8EA1D56E5E500D49FEF /* Assets.xcassets in Resources */,
				BF54F8E81D56E5E500D49FEF /* Main.storyboard in Resources */,
				BF54F9131D56F03A00D49FEF /* 004.png in Resources */,
				BF54F9101D56F03A00D49FEF /* 001.png in Resources */,
			);
			runOnlyForDeploymentPostprocessing = 0;
		};
		BF54F8F11D56E5E500D49FEF /* Resources */ = {
			isa = PBXResourcesBuildPhase;
			buildActionMask = 2147483647;
			files = (
			);
			runOnlyForDeploymentPostprocessing = 0;
		};
/* End PBXResourcesBuildPhase section */

/* Begin PBXSourcesBuildPhase section */
		BF54F8D61D56E5E500D49FEF /* Sources */ = {
			isa = PBXSourcesBuildPhase;
			buildActionMask = 2147483647;
			files = (
				BF54F8E51D56E5E500D49FEF /* ViewController.m in Sources */,
				BF54F8E21D56E5E500D49FEF /* AppDelegate.m in Sources */,
				BF54F9061D56E6DD00D49FEF /* goods.m in Sources */,
				BF54F8DF1D56E5E500D49FEF /* main.m in Sources */,
			);
			runOnlyForDeploymentPostprocessing = 0;
		};
		BF54F8EF1D56E5E500D49FEF /* Sources */ = {
			isa = PBXSourcesBuildPhase;
			buildActionMask = 2147483647;
			files = (
				BF54F8F81D56E5E500D49FEF /* UITableView_3UITests.m in Sources */,
			);
			runOnlyForDeploymentPostprocessing = 0;
		};
/* End PBXSourcesBuildPhase section */

/* Begin PBXTargetDependency section */
		BF54F8F51D56E5E500D49FEF /* PBXTargetDependency */ = {
			isa = PBXTargetDependency;
			target = BF54F8D91D56E5E500D49FEF /* UITableView－3 */;
			targetProxy = BF54F8F41D56E5E500D49FEF /* PBXContainerItemProxy */;
		};
/* End PBXTargetDependency section */

/* Begin PBXVariantGroup section */
		BF54F8E61D56E5E500D49FEF /* Main.storyboard */ = {
			isa = PBXVariantGroup;
			children = (
				BF54F8E71D56E5E500D49FEF /* Base */,
			);
			name = Main.storyboard;
			sourceTree = "<group>";
		};
		BF54F8EB1D56E5E500D49FEF /* LaunchScreen.storyboard */ = {
			isa = PBXVariantGroup;
			children = (
				BF54F8EC1D56E5E500D49FEF /* Base */,
			);
			name = LaunchScreen.storyboard;
			sourceTree = "<group>";
		};
/* End PBXVariantGroup section */

/* Begin XCBuildConfiguration section */
		BF54F8FA1D56E5E500D49FEF /* Debug */ = {
			isa = XCBuildConfiguration;
			buildSettings = {
				ALWAYS_SEARCH_USER_PATHS = NO;
				CLANG_ANALYZER_NONNULL = YES;
				CLANG_CXX_LANGUAGE_STANDARD = "gnu++0x";
				CLANG_CXX_LIBRARY = "libc++";
				CLANG_ENABLE_MODULES = YES;
				CLANG_ENABLE_OBJC_ARC = YES;
				CLANG_WARN_BOOL_CONVERSION = YES;
				CLANG_WARN_CONSTANT_CONVERSION = YES;
				CLANG_WARN_DIRECT_OBJC_ISA_USAGE = YES_ERROR;
				CLANG_WARN_EMPTY_BODY = YES;
				CLANG_WARN_ENUM_CONVERSION = YES;
				CLANG_WARN_INT_CONVERSION = YES;
				CLANG_WARN_OBJC_ROOT_CLASS = YES_ERROR;
				CLANG_WARN_UNREACHABLE_CODE = YES;
				CLANG_WARN__DUPLICATE_METHOD_MATCH = YES;
				"CODE_SIGN_IDENTITY[sdk=iphoneos*]" = "iPhone Developer";
				COPY_PHASE_STRIP = NO;
				DEBUG_INFORMATION_FORMAT = dwarf;
				ENABLE_STRICT_OBJC_MSGSEND = YES;
				ENABLE_TESTABILITY = YES;
				GCC_C_LANGUAGE_STANDARD = gnu99;
				GCC_DYNAMIC_NO_PIC = NO;
				GCC_NO_COMMON_BLOCKS = YES;
				GCC_OPTIMIZATION_LEVEL = 0;
				GCC_PREPROCESSOR_DEFINITIONS = (
					"DEBUG=1",
					"$(inherited)",
				);
				GCC_WARN_64_TO_32_BIT_CONVERSION = YES;
				GCC_WARN_ABOUT_RETURN_TYPE = YES_ERROR;
				GCC_WARN_UNDECLARED_SELECTOR = YES;
				GCC_WARN_UNINITIALIZED_AUTOS = YES_AGGRESSIVE;
				GCC_WARN_UNUSED_FUNCTION = YES;
				GCC_WARN_UNUSED_VARIABLE = YES;
				IPHONEOS_DEPLOYMENT_TARGET = 9.3;
				MTL_ENABLE_DEBUG_INFO = YES;
				ONLY_ACTIVE_ARCH = YES;
				SDKROOT = iphoneos;
			};
			name = Debug;
		};
		BF54F8FB1D56E5E500D49FEF /* Release */ = {
			isa = XCBuildConfiguration;
			buildSettings = {
				ALWAYS_SEARCH_USER_PATHS = NO;
				CLANG_ANALYZER_NONNULL = YES;
				CLANG_CXX_LANGUAGE_STANDARD = "gnu++0x";
				CLANG_CXX_LIBRARY = "libc++";
				CLANG_ENABLE_MODULES = YES;
				CLANG_ENABLE_OBJC_ARC = YES;
				CLANG_WARN_BOOL_CONVERSION = YES;
				CLANG_WARN_CONSTANT_CONVERSION = YES;
				CLANG_WARN_DIRECT_OBJC_ISA_USAGE = YES_ERROR;
				CLANG_WARN_EMPTY_BODY = YES;
				CLANG_WARN_ENUM_CONVERSION = YES;
				CLANG_WARN_INT_CONVERSION = YES;
				CLANG_WARN_OBJC_ROOT_CLASS = YES_ERROR;
				CLANG_WARN_UNREACHABLE_CODE = YES;
				CLANG_WARN__DUPLICATE_METHOD_MATCH = YES;
				"CODE_SIGN_IDENTITY[sdk=iphoneos*]" = "iPhone Developer";
				COPY_PHASE_STRIP = NO;
				DEBUG_INFORMATION_FORMAT = "dwarf-with-dsym";
				ENABLE_NS_ASSERTIONS = NO;
				ENABLE_STRICT_OBJC_MSGSEND = YES;
				GCC_C_LANGUAGE_STANDARD = gnu99;
				GCC_NO_COMMON_BLOCKS = YES;
				GCC_WARN_64_TO_32_BIT_CONVERSION = YES;
				GCC_WARN_ABOUT_RETURN_TYPE = YES_ERROR;
				GCC_WARN_UNDECLARED_SELECTOR = YES;
				GCC_WARN_UNINITIALIZED_AUTOS = YES_AGGRESSIVE;
				GCC_WARN_UNUSED_FUNCTION = YES;
				GCC_WARN_UNUSED_VARIABLE = YES;
				IPHONEOS_DEPLOYMENT_TARGET = 9.3;
				MTL_ENABLE_DEBUG_INFO = NO;
				SDKROOT = iphoneos;
				VALIDATE_PRODUCT = YES;
			};
			name = Release;
		};
		BF54F8FD1D56E5E500D49FEF /* Debug */ = {
			isa = XCBuildConfiguration;
			buildSettings = {
				ASSETCATALOG_COMPILER_APPICON_NAME = AppIcon;
				INFOPLIST_FILE = "UITableView－3/Info.plist";
				LD_RUNPATH_SEARCH_PATHS = "$(inherited) @executable_path/Frameworks";
				PRODUCT_BUNDLE_IDENTIFIER = "com.thinkofsomethingclever.UITableView-3";
				PRODUCT_NAME = "$(TARGET_NAME)";
			};
			name = Debug;
		};
		BF54F8FE1D56E5E500D49FEF /* Release */ = {
			isa = XCBuildConfiguration;
			buildSettings = {
				ASSETCATALOG_COMPILER_APPICON_NAME = AppIcon;
				INFOPLIST_FILE = "UITableView－3/Info.plist";
				LD_RUNPATH_SEARCH_PATHS = "$(inherited) @executable_path/Frameworks";
				PRODUCT_BUNDLE_IDENTIFIER = "com.thinkofsomethingclever.UITableView-3";
				PRODUCT_NAME = "$(TARGET_NAME)";
			};
			name = Release;
		};
		BF54F9001D56E5E500D49FEF /* Debug */ = {
			isa = XCBuildConfiguration;
			buildSettings = {
				INFOPLIST_FILE = "UITableView－3UITests/Info.plist";
				LD_RUNPATH_SEARCH_PATHS = "$(inherited) @executable_path/Frameworks @loader_path/Frameworks";
				PRODUCT_BUNDLE_IDENTIFIER = "com.thinkofsomethingclever.UITableView-3UITests";
				PRODUCT_NAME = "$(TARGET_NAME)";
				TEST_TARGET_NAME = "UITableView－3";
			};
			name = Debug;
		};
		BF54F9011D56E5E500D49FEF /* Release */ = {
			isa = XCBuildConfiguration;
			buildSettings = {
				INFOPLIST_FILE = "UITableView－3UITests/Info.plist";
				LD_RUNPATH_SEARCH_PATHS = "$(inherited) @executable_path/Frameworks @loader_path/Frameworks";
				PRODUCT_BUNDLE_IDENTIFIER = "com.thinkofsomethingclever.UITableView-3UITests";
				PRODUCT_NAME = "$(TARGET_NAME)";
				TEST_TARGET_NAME = "UITableView－3";
			};
			name = Release;
		};
/* End XCBuildConfiguration section */

/* Begin XCConfigurationList section */
		BF54F8D51D56E5E500D49FEF /* Build configuration list for PBXProject "UITableView－3" */ = {
			isa = XCConfigurationList;
			buildConfigurations = (
				BF54F8FA1D56E5E500D49FEF /* Debug */,
				BF54F8FB1D56E5E500D49FEF /* Release */,
			);
			defaultConfigurationIsVisible = 0;
			defaultConfigurationName = Release;
		};
		BF54F8FC1D56E5E500D49FEF /* Build configuration list for PBXNativeTarget "UITableView－3" */ = {
			isa = XCConfigurationList;
			buildConfigurations = (
				BF54F8FD1D56E5E500D49FEF /* Debug */,
				BF54F8FE1D56E5E500D49FEF /* Release */,
			);
			defaultConfigurationIsVisible = 0;
		};
		BF54F8FF1D56E5E500D49FEF /* Build configuration list for PBXNativeTarget "UITableView－3UITests" */ = {
			isa = XCConfigurationList;
			buildConfigurations = (
				BF54F9001D56E5E500D49FEF /* Debug */,
				BF54F9011D56E5E500D49FEF /* Release */,
			);
			defaultConfigurationIsVisible = 0;
		};
/* End XCConfigurationList section */
	};
	rootObject = BF54F8D21D56E5E500D49FEF /* Project object */;
}
